
Microsoft Visual Studio Solution File, Format Version 12.00
# Visual Studio Version 17
VisualStudioVersion = 17.6.33723.286
MinimumVisualStudioVersion = 10.0.40219.1
Project("{FAE04EC0-301F-11D3-BF4B-00C04F79EFBC}") = "ComplectPlus", "ComplectPlus\ComplectPlus.csproj", "{ABB9B483-F3E8-4236-8B89-4EB4C74B7F3C}"
EndProject
Global
	GlobalSection(SolutionConfigurationPlatforms) = preSolution
		Debug|Any CPU = Debug|Any CPU
		Release|Any CPU = Release|Any CPU
	EndGlobalSection
	GlobalSection(ProjectConfigurationPlatforms) = postSolution
		{ABB9B483-F3E8-4236-8B89-4EB4C74B7F3C}.Debug|Any CPU.ActiveCfg = Debug|Any CPU
		{ABB9B483-F3E8-4236-8B89-4EB4C74B7F3C}.Debug|Any CPU.Build.0 = Debug|Any CPU
		{ABB9B483-F3E8-4236-8B89-4EB4C74B7F3C}.Release|Any CPU.ActiveCfg = Release|Any CPU
		{ABB9B483-F3E8-4236-8B89-4EB4C74B7F3C}.Release|Any CPU.Build.0 = Release|Any CPU
	EndGlobalSection
	GlobalSection(SolutionProperties) = preSolution
		HideSolutionNode = FALSE
	EndGlobalSection
	GlobalSection(ExtensibilityGlobals) = postSolution
		SolutionGuid = {069D83EE-D25B-40F3-976B-D40486506B3D}
	EndGlobalSection
EndGlobal
